
Microsoft Visual Studio Solution File, Format Version 12.00
# Visual Studio Version 17
VisualStudioVersion = 17.0.32112.339
MinimumVisualStudioVersion = 10.0.40219.1
Project("{9A19103F-16F7-4668-BE54-9A1E7A4F7556}") = "PutObjectFromStream", "PutObjectFromStream.csproj", "{99470138-1D83-4C0F-A7E5-3D12BD0AB95E}"
EndProject
Global
	GlobalSection(SolutionConfigurationPlatforms) = preSolution
		Debug|Any CPU = Debug|Any CPU
		Release|Any CPU = Release|Any CPU
	EndGlobalSection
	GlobalSection(ProjectConfigurationPlatforms) = postSolution
		{99470138-1D83-4C0F-A7E5-3D12BD0AB95E}.Debug|Any CPU.ActiveCfg = Debug|Any CPU
		{99470138-1D83-4C0F-A7E5-3D12BD0AB95E}.Debug|Any CPU.Build.0 = Debug|Any CPU
		{99470138-1D83-4C0F-A7E5-3D12BD0AB95E}.Release|Any CPU.ActiveCfg = Release|Any CPU
		{99470138-1D83-4C0F-A7E5-3D12BD0AB95E}.Release|Any CPU.Build.0 = Release|Any CPU
	EndGlobalSection
	GlobalSection(SolutionProperties) = preSolution
		HideSolutionNode = FALSE
	EndGlobalSection
	GlobalSection(ExtensibilityGlobals) = postSolution
		SolutionGuid = {3D465234-D3B6-4C38-B9F1-4D3D0A97CC20}
	EndGlobalSection
EndGlobal
